
Microsoft Visual Studio Solution File, Format Version 12.00
# Visual Studio Version 17
VisualStudioVersion = 17.11.35327.3
MinimumVisualStudioVersion = 10.0.40219.1
Project("{FAE04EC0-301F-11D3-BF4B-00C04F79EFBC}") = "FuturoCidade", "FuturoCidade\FuturoCidade.csproj", "{77F0F624-3356-44C2-96F2-9D176EF91F7F}"
EndProject
Global
	GlobalSection(SolutionConfigurationPlatforms) = preSolution
		Debug|Any CPU = Debug|Any CPU
		Release|Any CPU = Release|Any CPU
	EndGlobalSection
	GlobalSection(ProjectConfigurationPlatforms) = postSolution
		{77F0F624-3356-44C2-96F2-9D176EF91F7F}.Debug|Any CPU.ActiveCfg = Debug|Any CPU
		{77F0F624-3356-44C2-96F2-9D176EF91F7F}.Debug|Any CPU.Build.0 = Debug|Any CPU
		{77F0F624-3356-44C2-96F2-9D176EF91F7F}.Release|Any CPU.ActiveCfg = Release|Any CPU
		{77F0F624-3356-44C2-96F2-9D176EF91F7F}.Release|Any CPU.Build.0 = Release|Any CPU
	EndGlobalSection
	GlobalSection(SolutionProperties) = preSolution
		HideSolutionNode = FALSE
	EndGlobalSection
	GlobalSection(ExtensibilityGlobals) = postSolution
		SolutionGuid = {CDBE6B8B-AAA3-40D3-992E-B97E106A90D1}
	EndGlobalSection
EndGlobal
